github.com/ProductBuildersHQ/prism-build v0.2.0 h1:/BCbb7F3UHVjT2gOWwg6DqpWB2FMWFw4BaVdAvCGb3g=
github.com/ProductBuildersHQ/prism-build v0.2.0/go.mod h1:kl42lQGsxe8J7xJQgd9Npnoa2ksxUhwKBL7VtRVO964=
github.com/ProductBuildersHQ/visionspec v0.14.0 h1:Nl2AvN7gr7AhbeC71VWzd7yIiumJrtieZYekxOsroFk=
github.com/ProductBuildersHQ/visionspec v0.14.0/go.mod h1:ME//dR0zymrtOLEUvaEx5sqa3IOWhTdZZFRoSnRlFsg=
github.com/fsnotify/fsnotify v1.10.1 h1:b0/UzAf9yR5rhf3RPm9gf3ehBPpf0oZKIjtpKrx59Ho=
github.com/fsnotify/fsnotify v1.10.1/go.mod h1:TLheqan6HD6GBK6PrDWyDPBaEV8LspOxvPSjC+bVfgo=
github.com/go-chi/chi/v5 v5.3.1 h1:3j4HZLGZQ3JpMCrPJF/Jl3mYJfWLKBfNJ6quurUGCf8=
github.com/go-chi/chi/v5 v5.3.1/go.mod h1:R+tYY2hNuVUUjxoPtqUdgBqevM9s9njzkTLutVsOCto=
github.com/go-chi/cors v1.2.2 h1:Jmey33TE+b+rB7fT8MUy1u0I4L+NARQlK6LhzKPSyQE=
github.com/go-chi/cors v1.2.2/go.mod h1:sSbTewc+6wYHBBCW7ytsFSn836hqM7JxpglAy2Vzc58=
github.com/golang-jwt/jwt/v5 v5.3.1 h1:kYf81DTWFe7t+1VvL7eS+jKFVWaUnK9cB1qbwn63YCY=
github.com/golang-jwt/jwt/v5 v5.3.1/go.mod h1:fxCRLWMO43lRc8nhHWY6LGqRcf+1gQWArsqaEUEa5bE=
github.com/google/go-cmp v0.6.0/go.mod h1:17dUlkBOakJ0+DkrSSNjCkIjxS6bF9zb3elmeNGIjoY=
github.com/google/go-cmp v0.7.0 h1:wk8382ETsv4JYUZwIsn6YpYiWiBsYLSJiTsyBybVuN8=
github.com/google/go-cmp v0.7.0/go.mod h1:pXiqmnSA92OHEEa9HXL2W4E7lf9JzCmGVUdgjX3N/iU=
github.com/google/go-github/v88 v88.0.0 h1:dZA9IKkPK1eXZj4ypngnpRj5FwdpTv4whix2PrQMP7M=
github.com/google/go-github/v88 v88.0.0/go.mod h1:rufTDgn2N45wjhukLTyxmvc9nilSp3mr3Rgtt6b1MPw=
github.com/google/go-querystring v1.2.0 h1:yhqkPbu2/OH+V9BfpCVPZkNmUXhb2gBxJArfhIxNtP0=
github.com/google/go-querystring v1.2.0/go.mod h1:8IFJqpSRITyJ8QhQ13bmbeMBDfmeEJZD5A0egEOmkqU=
github.com/grokify/gogithub v0.13.0 h1:zB5BLDyi/2U4YlsMr5s42/BvPVtwvLVVdZ1AEyxAccc=
github.com/grokify/gogithub v0.13.0/go.mod h1:fWRKNAoPfMWlhpf40vt+33PUzWj/+hnZyu/5FR9dG6M=
github.com/grokify/mogo v0.74.6 h1:isdwQOfayT1E9w4il4btc2on6KY72VZnjRaRAka2iXY=
github.com/grokify/mogo v0.74.6/go.mod h1:MUheNHoi0hatrQbS60W61CMOkcu/yYRbOQBkNnJCUQY=
github.com/grokify/pidl v0.5.0 h1:RDiLnJ0Pm8vlbHbxnMv0wjL3+obOkPnL3RrdqgNsf9A=
github.com/grokify/pidl v0.5.0/go.mod h1:yq+qXFE3vAELJypeP0GpI/O4NL9vCLOWrIlTmGq6B54=
github.com/grokify/prism-core v0.4.0 h1:aJy92m4ls41RqfRt/FETZyDNj6ECzPtTyh8nVEtRJYU=
github.com/grokify/prism-core v0.4.0/go.mod h1:MGwhaaZdFW8WShYx3lqzGkcx8f07xFDbwd+u+4uBAT0=
github.com/grokify/prism-maturity v0.14.0 h1:QiwdI2zTaKE9B6TpzzPxqGpqPM9RL6vNbCGLL1+JDhM=
github.com/grokify/prism-maturity v0.14.0/go.mod h1:K2JMGxlzAvShUsHSoTWtHYpUuGtysqZWREojuRfFTWM=
github.com/grokify/prism-roadmap v0.16.1 h1:rzisNa/DBlbICBpjCtyG0Zte04Ut9lDgSXpJM/Ak9fM=
github.com/grokify/prism-roadmap v0.16.1/go.mod h1:jK86J9QiRZZaMfocnjge4c1si6U0YwDZVLVBLIM1MDA=
github.com/huandu/xstrings v1.5.0 h1:2ag3IFq9ZDANvthTwTiqSSZLjDc+BedvHPAp5tJy2TI=
github.com/huandu/xstrings v1.5.0/go.mod h1:y5/lhBue+AyNmUVz9RLU9xbLR0o4KIIExikq4ovT0aE=
github.com/plexusone/devfolio v0.2.0 h1:KRjurM1eC51ajYZdtR2PsggxvU5GOmYUM/Pe4kRNZ7Y=
github.com/plexusone/devfolio v0.2.0/go.mod h1:XvZFOP7mSHdt15PvJm6D37yY5A6V7bHuemxXdg4FGZs=
github.com/plexusone/structured-evaluation v0.11.0 h1:kQCpHEIaysdkVLw2C8OHfkwH+4GEHTuWftyjlIjUzIE=
github.com/plexusone/structured-evaluation v0.11.0/go.mod h1:/EeH1LVHmGq+O35LQ/VybJNLIGqpoJlR8FqKCOt2KC4=
golang.org/x/exp v0.0.0-20260727155853-b88d891fe743 h1:ex206bKw+v3K0dm3andkrIF+ijyQKJG1pLgwQ2PYdQM=
golang.org/x/exp v0.0.0-20260727155853-b88d891fe743/go.mod h1:EdfpwwqSu+0Li0mzskwHU6FWDV3t9Q+RZDo3QMUtL3Q=
golang.org/x/oauth2 v0.36.0 h1:peZ/1z27fi9hUOFCAZaHyrpWG5lwe0RJEEEeH0ThlIs=
golang.org/x/oauth2 v0.36.0/go.mod h1:YDBUJMTkDnJS+A4BP4eZBjCqtokkg1hODuPjwiGPO7Q=
golang.org/x/sys v0.47.0 h1:o7XGOvZQCADBQQ4Y7VNq2dRWQR7JmOUW8Kxx4ZsNgWs=
golang.org/x/sys v0.47.0/go.mod h1:4GL1E5IUh+htKOUEOaiffhrAeqysfVGipDYzABqnCmw=
golang.org/x/text v0.40.0 h1:Ub2Z6/xjgF1WrYQz2nuITOEegKFtiIy+rieRJ5lHZKs=
golang.org/x/text v0.40.0/go.mod h1:hpnzDAfGV753zIKo+wk3u1bVKCGPbrnF7+7LBF/UHVY=
gopkg.in/check.v1 v0.0.0-20161208181325-20d25e280405 h1:yhCVgyC4o1eVCa2tZl7eS0r+SDo693bJlVdllGtEeKM=
gopkg.in/check.v1 v0.0.0-20161208181325-20d25e280405/go.mod h1:Co6ibVJAznAaIkqp8huTwlJQCZ016jof/cbN4VW5Yz0=
gopkg.in/yaml.v3 v3.0.1 h1:fxVm/GzAzEWqLHuvctI91KS9hhNmmWOoWu0XTYJS7CA=
gopkg.in/yaml.v3 v3.0.1/go.mod h1:K4uyk7z7BCEPqu6E+C64Yfv1cQ7kz7rIZviUmN+EgEM=
