github.com/ProductBuildersHQ/visionspec v0.12.0 h1:ooW4u/epeQG/QNF/Kw2FDX+nplFF2+RDI0BV+XKZIGo=
github.com/ProductBuildersHQ/visionspec v0.12.0/go.mod h1:+CY2y50tb5P7rboVzY0oJkOWibX86XLq6HkPoYxoIg0=
github.com/fsnotify/fsnotify v1.10.1 h1:b0/UzAf9yR5rhf3RPm9gf3ehBPpf0oZKIjtpKrx59Ho=
github.com/fsnotify/fsnotify v1.10.1/go.mod h1:TLheqan6HD6GBK6PrDWyDPBaEV8LspOxvPSjC+bVfgo=
github.com/go-chi/chi/v5 v5.3.1 h1:3j4HZLGZQ3JpMCrPJF/Jl3mYJfWLKBfNJ6quurUGCf8=
github.com/go-chi/chi/v5 v5.3.1/go.mod h1:R+tYY2hNuVUUjxoPtqUdgBqevM9s9njzkTLutVsOCto=
github.com/go-chi/cors v1.2.2 h1:Jmey33TE+b+rB7fT8MUy1u0I4L+NARQlK6LhzKPSyQE=
github.com/go-chi/cors v1.2.2/go.mod h1:sSbTewc+6wYHBBCW7ytsFSn836hqM7JxpglAy2Vzc58=
github.com/grokify/mogo v0.74.6 h1:isdwQOfayT1E9w4il4btc2on6KY72VZnjRaRAka2iXY=
github.com/grokify/mogo v0.74.6/go.mod h1:MUheNHoi0hatrQbS60W61CMOkcu/yYRbOQBkNnJCUQY=
github.com/huandu/xstrings v1.5.0 h1:2ag3IFq9ZDANvthTwTiqSSZLjDc+BedvHPAp5tJy2TI=
github.com/huandu/xstrings v1.5.0/go.mod h1:y5/lhBue+AyNmUVz9RLU9xbLR0o4KIIExikq4ovT0aE=
github.com/plexusone/structured-evaluation v0.8.0 h1:dfXXp26ZzvaQaAaY27jh/OYB9J0TrTN7s9IfU8DqS1w=
github.com/plexusone/structured-evaluation v0.8.0/go.mod h1:aqkP0xYPPXNg1ZB7MkDqFcWbrXLahrpRtAoYCav72bg=
golang.org/x/exp v0.0.0-20260603202125-055de637280b h1:v1uXiEBHo8QA0LiGCo7UgHMzHT4Kdfpl2zmtH5vaP1Q=
golang.org/x/exp v0.0.0-20260603202125-055de637280b/go.mod h1:d2fgXJLVs4dYDHUk5lwMIfzRzSrWCfGZb0ZqeLa/Vcw=
golang.org/x/sys v0.46.0 h1:noSf2Fq6F8DBgS+LysIkx7rIExoNHJsxOAtPp4rthXw=
golang.org/x/sys v0.46.0/go.mod h1:4GL1E5IUh+htKOUEOaiffhrAeqysfVGipDYzABqnCmw=
golang.org/x/text v0.37.0 h1:Cqjiwd9eSg8e0QAkyCaQTNHFIIzWtidPahFWR83rTrc=
golang.org/x/text v0.37.0/go.mod h1:a5sjxXGs9hsn/AJVwuElvCAo9v8QYLzvavO5z2PiM38=
gopkg.in/check.v1 v0.0.0-20161208181325-20d25e280405 h1:yhCVgyC4o1eVCa2tZl7eS0r+SDo693bJlVdllGtEeKM=
gopkg.in/check.v1 v0.0.0-20161208181325-20d25e280405/go.mod h1:Co6ibVJAznAaIkqp8huTwlJQCZ016jof/cbN4VW5Yz0=
gopkg.in/yaml.v3 v3.0.1 h1:fxVm/GzAzEWqLHuvctI91KS9hhNmmWOoWu0XTYJS7CA=
gopkg.in/yaml.v3 v3.0.1/go.mod h1:K4uyk7z7BCEPqu6E+C64Yfv1cQ7kz7rIZviUmN+EgEM=
